
Microsoft Visual Studio Solution File, Format Version 12.00
# Visual Studio Version 16
VisualStudioVersion = 16.0.31729.503
MinimumVisualStudioVersion = 10.0.40219.1
Project("{9A19103F-16F7-4668-BE54-9A1E7A4F7556}") = "TddSocialNetwork.Model", "TddSocialNetwork.Model\TddSocialNetwork.Model.csproj", "{D90DA15A-9F12-4C00-9186-C8F36ECE44D1}"
EndProject
Project("{9A19103F-16F7-4668-BE54-9A1E7A4F7556}") = "TddSocialNetwork.Engine", "TddSocialNetwork.Engine\TddSocialNetwork.Engine.csproj", "{18C5F17B-8E25-4AC4-ABA0-3F872B608DE4}"
EndProject
Project("{9A19103F-16F7-4668-BE54-9A1E7A4F7556}") = "TddSocialNetwork.Test", "TddSocialNetwork.Test\TddSocialNetwork.Test.csproj", "{E0DB37CB-B0EC-4663-8B98-998C2168CE61}"
EndProject
Project("{9A19103F-16F7-4668-BE54-9A1E7A4F7556}") = "TddSocialNetwork.Data", "TddSocialNetwork.Data\TddSocialNetwork.Data.csproj", "{D38BB098-BD36-4710-82D7-6946E8FF2D46}"
EndProject
Project("{9A19103F-16F7-4668-BE54-9A1E7A4F7556}") = "TddSocialNetwork.Web", "TddSocialNetwork.Web\TddSocialNetwork.Web.csproj", "{6CE97CE8-FD84-4AB9-9C93-8F696421037B}"
EndProject
Global
	GlobalSection(SolutionConfigurationPlatforms) = preSolution
		Debug|Any CPU = Debug|Any CPU
		Release|Any CPU = Release|Any CPU
	EndGlobalSection
	GlobalSection(ProjectConfigurationPlatforms) = postSolution
		{D90DA15A-9F12-4C00-9186-C8F36ECE44D1}.Debug|Any CPU.ActiveCfg = Debug|Any CPU
		{D90DA15A-9F12-4C00-9186-C8F36ECE44D1}.Debug|Any CPU.Build.0 = Debug|Any CPU
		{D90DA15A-9F12-4C00-9186-C8F36ECE44D1}.Release|Any CPU.ActiveCfg = Release|Any CPU
		{D90DA15A-9F12-4C00-9186-C8F36ECE44D1}.Release|Any CPU.Build.0 = Release|Any CPU
		{18C5F17B-8E25-4AC4-ABA0-3F872B608DE4}.Debug|Any CPU.ActiveCfg = Debug|Any CPU
		{18C5F17B-8E25-4AC4-ABA0-3F872B608DE4}.Debug|Any CPU.Build.0 = Debug|Any CPU
		{18C5F17B-8E25-4AC4-ABA0-3F872B608DE4}.Release|Any CPU.ActiveCfg = Release|Any CPU
		{18C5F17B-8E25-4AC4-ABA0-3F872B608DE4}.Release|Any CPU.Build.0 = Release|Any CPU
		{E0DB37CB-B0EC-4663-8B98-998C2168CE61}.Debug|Any CPU.ActiveCfg = Debug|Any CPU
		{E0DB37CB-B0EC-4663-8B98-998C2168CE61}.Debug|Any CPU.Build.0 = Debug|Any CPU
		{E0DB37CB-B0EC-4663-8B98-998C2168CE61}.Release|Any CPU.ActiveCfg = Release|Any CPU
		{E0DB37CB-B0EC-4663-8B98-998C2168CE61}.Release|Any CPU.Build.0 = Release|Any CPU
		{D38BB098-BD36-4710-82D7-6946E8FF2D46}.Debug|Any CPU.ActiveCfg = Debug|Any CPU
		{D38BB098-BD36-4710-82D7-6946E8FF2D46}.Debug|Any CPU.Build.0 = Debug|Any CPU
		{D38BB098-BD36-4710-82D7-6946E8FF2D46}.Release|Any CPU.ActiveCfg = Release|Any CPU
		{D38BB098-BD36-4710-82D7-6946E8FF2D46}.Release|Any CPU.Build.0 = Release|Any CPU
		{6CE97CE8-FD84-4AB9-9C93-8F696421037B}.Debug|Any CPU.ActiveCfg = Debug|Any CPU
		{6CE97CE8-FD84-4AB9-9C93-8F696421037B}.Debug|Any CPU.Build.0 = Debug|Any CPU
		{6CE97CE8-FD84-4AB9-9C93-8F696421037B}.Release|Any CPU.ActiveCfg = Release|Any CPU
		{6CE97CE8-FD84-4AB9-9C93-8F696421037B}.Release|Any CPU.Build.0 = Release|Any CPU
	EndGlobalSection
	GlobalSection(SolutionProperties) = preSolution
		HideSolutionNode = FALSE
	EndGlobalSection
	GlobalSection(ExtensibilityGlobals) = postSolution
		SolutionGuid = {F532B999-0283-49E0-B2CF-7BA133A3BFAC}
	EndGlobalSection
EndGlobal
